{
  "name": "test-pkg",
  "requires": true,
  "lockfileVersion": 1,
  "dependencies": {
    "elm-tooling": {
      "version": "1.0.1",
      "resolved": "https://registry.npmjs.org/elm-tooling/-/elm-tooling-1.0.1.tgz",
      "integrity": "sha512-JFc76hek44zBsjI2ATJL4ZOv8zTQDmjjf1pz6EKgDj3rXhriFMzSIfzPcfvBPFBtOmDwPm2pSS893XZuHIcDow==",
      "dev": true
    }
  }
}
